// !$*UTF8*$!
{
	archiveVersion = 1;
	classes = {
	};
	objectVersion = 56;
	objects = {

/* Begin PBXBuildFile section */
		327369F2294B1AA900EE03A2 /* JourneysView.swift in Sources */ = {isa = PBXBuildFile; fileRef = 327369F1294B1AA900EE03A2 /* JourneysView.swift */; };
		327369F4294C144F00EE03A2 /* MainView.swift in Sources */ = {isa = PBXBuildFile; fileRef = 327369F3294C144F00EE03A2 /* MainView.swift */; };
		32765542294310E9003B314E /* TravelItineraryPlannerApp.swift in Sources */ = {isa = PBXBuildFile; fileRef = 32765541294310E9003B314E /* TravelItineraryPlannerApp.swift */; };
		32765544294310E9003B314E /* ContentView.swift in Sources */ = {isa = PBXBuildFile; fileRef = 32765543294310E9003B314E /* ContentView.swift */; };
		32765546294310EA003B314E /* Assets.xcassets in Resources */ = {isa = PBXBuildFile; fileRef = 32765545294310EA003B314E /* Assets.xcassets */; };
		3276554A294310EA003B314E /* Preview Assets.xcassets in Resources */ = {isa = PBXBuildFile; fileRef = 32765549294310EA003B314E /* Preview Assets.xcassets */; };
		32765554294310EA003B314E /* TravelItineraryPlannerTests.swift in Sources */ = {isa = PBXBuildFile; fileRef = 32765553294310EA003B314E /* TravelItineraryPlannerTests.swift */; };
		3276555E294310EA003B314E /* TravelItineraryPlannerUITests.swift in Sources */ = {isa = PBXBuildFile; fileRef = 3276555D294310EA003B314E /* TravelItineraryPlannerUITests.swift */; };
		32765560294310EA003B314E /* TravelItineraryPlannerUITestsLaunchTests.swift in Sources */ = {isa = PBXBuildFile; fileRef = 3276555F294310EA003B314E /* TravelItineraryPlannerUITestsLaunchTests.swift */; };
		3276556D2943143C003B314E /* MapView.swift in Sources */ = {isa = PBXBuildFile; fileRef = 3276556C2943143C003B314E /* MapView.swift */; };
		3276556F2943148E003B314E /* DailyView.swift in Sources */ = {isa = PBXBuildFile; fileRef = 3276556E2943148D003B314E /* DailyView.swift */; };
		3276557129431E9C003B314E /* CalendarView.swift in Sources */ = {isa = PBXBuildFile; fileRef = 3276557029431E9C003B314E /* CalendarView.swift */; };
		327655732944ABE3003B314E /* CalendarViewModel.swift in Sources */ = {isa = PBXBuildFile; fileRef = 327655722944ABE3003B314E /* CalendarViewModel.swift */; };
		327655752945E198003B314E /* DateHolder.swift in Sources */ = {isa = PBXBuildFile; fileRef = 327655742945E198003B314E /* DateHolder.swift */; };
		32A082FA294609E200E81BCF /* CalendarStructs.swift in Sources */ = {isa = PBXBuildFile; fileRef = 32A082F9294609E200E81BCF /* CalendarStructs.swift */; };
/* End PBXBuildFile section */

/* Begin PBXContainerItemProxy section */
		32765550294310EA003B314E /* PBXContainerItemProxy */ = {
			isa = PBXContainerItemProxy;
			containerPortal = 32765536294310E9003B314E /* Project object */;
			proxyType = 1;
			remoteGlobalIDString = 3276553D294310E9003B314E;
			remoteInfo = TravelItineraryPlanner;
		};
		3276555A294310EA003B314E /* PBXContainerItemProxy */ = {
			isa = PBXContainerItemProxy;
			containerPortal = 32765536294310E9003B314E /* Project object */;
			proxyType = 1;
			remoteGlobalIDString = 3276553D294310E9003B314E;
			remoteInfo = TravelItineraryPlanner;
		};
/* End PBXContainerItemProxy section */

/* Begin PBXFileReference section */
		327369F1294B1AA900EE03A2 /* JourneysView.swift */ = {isa = PBXFileReference; lastKnownFileType = sourcecode.swift; path = JourneysView.swift; sourceTree = "<group>"; };
		327369F3294C144F00EE03A2 /* MainView.swift */ = {isa = PBXFileReference; lastKnownFileType = sourcecode.swift; path = MainView.swift; sourceTree = "<group>"; };
		3276553E294310E9003B314E /* TravelItineraryPlanner.app */ = {isa = PBXFileReference; explicitFileType = wrapper.application; includeInIndex = 0; path = TravelItineraryPlanner.app; sourceTree = BUILT_PRODUCTS_DIR; };
		32765541294310E9003B314E /* TravelItineraryPlannerApp.swift */ = {isa = PBXFileReference; lastKnownFileType = sourcecode.swift; path = TravelItineraryPlannerApp.swift; sourceTree = "<group>"; };
		32765543294310E9003B314E /* ContentView.swift */ = {isa = PBXFileReference; lastKnownFileType = sourcecode.swift; path = ContentView.swift; sourceTree = "<group>"; };
		32765545294310EA003B314E /* Assets.xcassets */ = {isa = PBXFileReference; lastKnownFileType = folder.assetcatalog; path = Assets.xcassets; sourceTree = "<group>"; };
		32765547294310EA003B314E /* TravelItineraryPlanner.entitlements */ = {isa = PBXFileReference; lastKnownFileType = text.plist.entitlements; path = TravelItineraryPlanner.entitlements; sourceTree = "<group>"; };
		32765549294310EA003B314E /* Preview Assets.xcassets */ = {isa = PBXFileReference; lastKnownFileType = folder.assetcatalog; path = "Preview Assets.xcassets"; sourceTree = "<group>"; };
		3276554F294310EA003B314E /* TravelItineraryPlannerTests.xctest */ = {isa = PBXFileReference; explicitFileType = wrapper.cfbundle; includeInIndex = 0; path = TravelItineraryPlannerTests.xctest; sourceTree = BUILT_PRODUCTS_DIR; };
		32765553294310EA003B314E /* TravelItineraryPlannerTests.swift */ = {isa = PBXFileReference; lastKnownFileType = sourcecode.swift; path = TravelItineraryPlannerTests.swift; sourceTree = "<group>"; };
		32765559294310EA003B314E /* TravelItineraryPlannerUITests.xctest */ = {isa = PBXFileReference; explicitFileType = wrapper.cfbundle; includeInIndex = 0; path = TravelItineraryPlannerUITests.xctest; sourceTree = BUILT_PRODUCTS_DIR; };
		3276555D294310EA003B314E /* TravelItineraryPlannerUITests.swift */ = {isa = PBXFileReference; lastKnownFileType = sourcecode.swift; path = TravelItineraryPlannerUITests.swift; sourceTree = "<group>"; };
		3276555F294310EA003B314E /* TravelItineraryPlannerUITestsLaunchTests.swift */ = {isa = PBXFileReference; lastKnownFileType = sourcecode.swift; path = TravelItineraryPlannerUITestsLaunchTests.swift; sourceTree = "<group>"; };
		3276556C2943143C003B314E /* MapView.swift */ = {isa = PBXFileReference; lastKnownFileType = sourcecode.swift; path = MapView.swift; sourceTree = "<group>"; };
		3276556E2943148D003B314E /* DailyView.swift */ = {isa = PBXFileReference; lastKnownFileType = sourcecode.swift; path = DailyView.swift; sourceTree = "<group>"; };
		3276557029431E9C003B314E /* CalendarView.swift */ = {isa = PBXFileReference; lastKnownFileType = sourcecode.swift; path = CalendarView.swift; sourceTree = "<group>"; };
		327655722944ABE3003B314E /* CalendarViewModel.swift */ = {isa = PBXFileReference; lastKnownFileType = sourcecode.swift; path = CalendarViewModel.swift; sourceTree = "<group>"; };
		327655742945E198003B314E /* DateHolder.swift */ = {isa = PBXFileReference; lastKnownFileType = sourcecode.swift; path = DateHolder.swift; sourceTree = "<group>"; };
		32A082F9294609E200E81BCF /* CalendarStructs.swift */ = {isa = PBXFileReference; lastKnownFileType = sourcecode.swift; path = CalendarStructs.swift; sourceTree = "<group>"; };
/* End PBXFileReference section */

/* Begin PBXFrameworksBuildPhase section */
		3276553B294310E9003B314E /* Frameworks */ = {
			isa = PBXFrameworksBuildPhase;
			buildActionMask = 2147483647;
			files = (
			);
			runOnlyForDeploymentPostprocessing = 0;
		};
		3276554C294310EA003B314E /* Frameworks */ = {
			isa = PBXFrameworksBuildPhase;
			buildActionMask = 2147483647;
			files = (
			);
			runOnlyForDeploymentPostprocessing = 0;
		};
		32765556294310EA003B314E /* Frameworks */ = {
			isa = PBXFrameworksBuildPhase;
			buildActionMask = 2147483647;
			files = (
			);
			runOnlyForDeploymentPostprocessing = 0;
		};
/* End PBXFrameworksBuildPhase section */

/* Begin PBXGroup section */
		327369F6294C17E300EE03A2 /* JourneyView */ = {
			isa = PBXGroup;
			children = (
				3276556E2943148D003B314E /* DailyView.swift */,
				327369F1294B1AA900EE03A2 /* JourneysView.swift */,
				327369F3294C144F00EE03A2 /* MainView.swift */,
			);
			path = JourneyView;
			sourceTree = "<group>";
		};
		32765535294310E9003B314E = {
			isa = PBXGroup;
			children = (
				32765540294310E9003B314E /* TravelItineraryPlanner */,
				32765552294310EA003B314E /* TravelItineraryPlannerTests */,
				3276555C294310EA003B314E /* TravelItineraryPlannerUITests */,
				3276553F294310E9003B314E /* Products */,
			);
			sourceTree = "<group>";
		};
		3276553F294310E9003B314E /* Products */ = {
			isa = PBXGroup;
			children = (
				3276553E294310E9003B314E /* TravelItineraryPlanner.app */,
				3276554F294310EA003B314E /* TravelItineraryPlannerTests.xctest */,
				32765559294310EA003B314E /* TravelItineraryPlannerUITests.xctest */,
			);
			name = Products;
			sourceTree = "<group>";
		};
		32765540294310E9003B314E /* TravelItineraryPlanner */ = {
			isa = PBXGroup;
			children = (
				32765545294310EA003B314E /* Assets.xcassets */,
				32A082F9294609E200E81BCF /* CalendarStructs.swift */,
				3276557029431E9C003B314E /* CalendarView.swift */,
				327655722944ABE3003B314E /* CalendarViewModel.swift */,
				32765543294310E9003B314E /* ContentView.swift */,
				327655742945E198003B314E /* DateHolder.swift */,
				3276556C2943143C003B314E /* MapView.swift */,
				32765548294310EA003B314E /* Preview Content */,
				32765547294310EA003B314E /* TravelItineraryPlanner.entitlements */,
				32765541294310E9003B314E /* TravelItineraryPlannerApp.swift */,
				327369F6294C17E300EE03A2 /* JourneyView */,
			);
			path = TravelItineraryPlanner;
			sourceTree = "<group>";
		};
		32765548294310EA003B314E /* Preview Content */ = {
			isa = PBXGroup;
			children = (
				32765549294310EA003B314E /* Preview Assets.xcassets */,
			);
			path = "Preview Content";
			sourceTree = "<group>";
		};
		32765552294310EA003B314E /* TravelItineraryPlannerTests */ = {
			isa = PBXGroup;
			children = (
				32765553294310EA003B314E /* TravelItineraryPlannerTests.swift */,
			);
			path = TravelItineraryPlannerTests;
			sourceTree = "<group>";
		};
		3276555C294310EA003B314E /* TravelItineraryPlannerUITests */ = {
			isa = PBXGroup;
			children = (
				3276555D294310EA003B314E /* TravelItineraryPlannerUITests.swift */,
				3276555F294310EA003B314E /* TravelItineraryPlannerUITestsLaunchTests.swift */,
			);
			path = TravelItineraryPlannerUITests;
			sourceTree = "<group>";
		};
/* End PBXGroup section */

/* Begin PBXNativeTarget section */
		3276553D294310E9003B314E /* TravelItineraryPlanner */ = {
			isa = PBXNativeTarget;
			buildConfigurationList = 32765563294310EA003B314E /* Build configuration list for PBXNativeTarget "TravelItineraryPlanner" */;
			buildPhases = (
				3276553A294310E9003B314E /* Sources */,
				3276553B294310E9003B314E /* Frameworks */,
				3276553C294310E9003B314E /* Resources */,
			);
			buildRules = (
			);
			dependencies = (
			);
			name = TravelItineraryPlanner;
			productName = TravelItineraryPlanner;
			productReference = 3276553E294310E9003B314E /* TravelItineraryPlanner.app */;
			productType = "com.apple.product-type.application";
		};
		3276554E294310EA003B314E /* TravelItineraryPlannerTests */ = {
			isa = PBXNativeTarget;
			buildConfigurationList = 32765566294310EA003B314E /* Build configuration list for PBXNativeTarget "TravelItineraryPlannerTests" */;
			buildPhases = (
				3276554B294310EA003B314E /* Sources */,
				3276554C294310EA003B314E /* Frameworks */,
				3276554D294310EA003B314E /* Resources */,
			);
			buildRules = (
			);
			dependencies = (
				32765551294310EA003B314E /* PBXTargetDependency */,
			);
			name = TravelItineraryPlannerTests;
			productName = TravelItineraryPlannerTests;
			productReference = 3276554F294310EA003B314E /* TravelItineraryPlannerTests.xctest */;
			productType = "com.apple.product-type.bundle.unit-test";
		};
		32765558294310EA003B314E /* TravelItineraryPlannerUITests */ = {
			isa = PBXNativeTarget;
			buildConfigurationList = 32765569294310EA003B314E /* Build configuration list for PBXNativeTarget "TravelItineraryPlannerUITests" */;
			buildPhases = (
				32765555294310EA003B314E /* Sources */,
				32765556294310EA003B314E /* Frameworks */,
				32765557294310EA003B314E /* Resources */,
			);
			buildRules = (
			);
			dependencies = (
				3276555B294310EA003B314E /* PBXTargetDependency */,
			);
			name = TravelItineraryPlannerUITests;
			productName = TravelItineraryPlannerUITests;
			productReference = 32765559294310EA003B314E /* TravelItineraryPlannerUITests.xctest */;
			productType = "com.apple.product-type.bundle.ui-testing";
		};
/* End PBXNativeTarget section */

/* Begin PBXProject section */
		32765536294310E9003B314E /* Project object */ = {
			isa = PBXProject;
			attributes = {
				BuildIndependentTargetsInParallel = 1;
				LastSwiftUpdateCheck = 1410;
				LastUpgradeCheck = 1410;
				TargetAttributes = {
					3276553D294310E9003B314E = {
						CreatedOnToolsVersion = 14.1;
					};
					3276554E294310EA003B314E = {
						CreatedOnToolsVersion = 14.1;
						TestTargetID = 3276553D294310E9003B314E;
					};
					32765558294310EA003B314E = {
						CreatedOnToolsVersion = 14.1;
						TestTargetID = 3276553D294310E9003B314E;
					};
				};
			};
			buildConfigurationList = 32765539294310E9003B314E /* Build configuration list for PBXProject "TravelItineraryPlanner" */;
			compatibilityVersion = "Xcode 14.0";
			developmentRegion = en;
			hasScannedForEncodings = 0;
			knownRegions = (
				en,
				Base,
			);
			mainGroup = 32765535294310E9003B314E;
			productRefGroup = 3276553F294310E9003B314E /* Products */;
			projectDirPath = "";
			projectRoot = "";
			targets = (
				3276553D294310E9003B314E /* TravelItineraryPlanner */,
				3276554E294310EA003B314E /* TravelItineraryPlannerTests */,
				32765558294310EA003B314E /* TravelItineraryPlannerUITests */,
			);
		};
/* End PBXProject section */

/* Begin PBXResourcesBuildPhase section */
		3276553C294310E9003B314E /* Resources */ = {
			isa = PBXResourcesBuildPhase;
			buildActionMask = 2147483647;
			files = (
				3276554A294310EA003B314E /* Preview Assets.xcassets in Resources */,
				32765546294310EA003B314E /* Assets.xcassets in Resources */,
			);
			runOnlyForDeploymentPostprocessing = 0;
		};
		3276554D294310EA003B314E /* Resources */ = {
			isa = PBXResourcesBuildPhase;
			buildActionMask = 2147483647;
			files = (
			);
			runOnlyForDeploymentPostprocessing = 0;
		};
		32765557294310EA003B314E /* Resources */ = {
			isa = PBXResourcesBuildPhase;
			buildActionMask = 2147483647;
			files = (
			);
			runOnlyForDeploymentPostprocessing = 0;
		};
/* End PBXResourcesBuildPhase section */

/* Begin PBXSourcesBuildPhase section */
		3276553A294310E9003B314E /* Sources */ = {
			isa = PBXSourcesBuildPhase;
			buildActionMask = 2147483647;
			files = (
				327655752945E198003B314E /* DateHolder.swift in Sources */,
				327655732944ABE3003B314E /* CalendarViewModel.swift in Sources */,
				327369F2294B1AA900EE03A2 /* JourneysView.swift in Sources */,
				32A082FA294609E200E81BCF /* CalendarStructs.swift in Sources */,
				3276557129431E9C003B314E /* CalendarView.swift in Sources */,
				3276556F2943148E003B314E /* DailyView.swift in Sources */,
				32765544294310E9003B314E /* ContentView.swift in Sources */,
				3276556D2943143C003B314E /* MapView.swift in Sources */,
				327369F4294C144F00EE03A2 /* MainView.swift in Sources */,
				32765542294310E9003B314E /* TravelItineraryPlannerApp.swift in Sources */,
			);
			runOnlyForDeploymentPostprocessing = 0;
		};
		3276554B294310EA003B314E /* Sources */ = {
			isa = PBXSourcesBuildPhase;
			buildActionMask = 2147483647;
			files = (
				32765554294310EA003B314E /* TravelItineraryPlannerTests.swift in Sources */,
			);
			runOnlyForDeploymentPostprocessing = 0;
		};
		32765555294310EA003B314E /* Sources */ = {
			isa = PBXSourcesBuildPhase;
			buildActionMask = 2147483647;
			files = (
				3276555E294310EA003B314E /* TravelItineraryPlannerUITests.swift in Sources */,
				32765560294310EA003B314E /* TravelItineraryPlannerUITestsLaunchTests.swift in Sources */,
			);
			runOnlyForDeploymentPostprocessing = 0;
		};
/* End PBXSourcesBuildPhase section */

/* Begin PBXTargetDependency section */
		32765551294310EA003B314E /* PBXTargetDependency */ = {
			isa = PBXTargetDependency;
			target = 3276553D294310E9003B314E /* TravelItineraryPlanner */;
			targetProxy = 32765550294310EA003B314E /* PBXContainerItemProxy */;
		};
		3276555B294310EA003B314E /* PBXTargetDependency */ = {
			isa = PBXTargetDependency;
			target = 3276553D294310E9003B314E /* TravelItineraryPlanner */;
			targetProxy = 3276555A294310EA003B314E /* PBXContainerItemProxy */;
		};
/* End PBXTargetDependency section */

/* Begin XCBuildConfiguration section */
		32765561294310EA003B314E /* Debug */ = {
			isa = XCBuildConfiguration;
			buildSettings = {
				ALWAYS_SEARCH_USER_PATHS = NO;
				CLANG_ANALYZER_NONNULL = YES;
				CLANG_ANALYZER_NUMBER_OBJECT_CONVERSION = YES_AGGRESSIVE;
				CLANG_CXX_LANGUAGE_STANDARD = "gnu++20";
				CLANG_ENABLE_MODULES = YES;
				CLANG_ENABLE_OBJC_ARC = YES;
				CLANG_ENABLE_OBJC_WEAK = YES;
				CLANG_WARN_BLOCK_CAPTURE_AUTORELEASING = YES;
				CLANG_WARN_BOOL_CONVERSION = YES;
				CLANG_WARN_COMMA = YES;
				CLANG_WARN_CONSTANT_CONVERSION = YES;
				CLANG_WARN_DEPRECATED_OBJC_IMPLEMENTATIONS = YES;
				CLANG_WARN_DIRECT_OBJC_ISA_USAGE = YES_ERROR;
				CLANG_WARN_DOCUMENTATION_COMMENTS = YES;
				CLANG_WARN_EMPTY_BODY = YES;
				CLANG_WARN_ENUM_CONVERSION = YES;
				CLANG_WARN_INFINITE_RECURSION = YES;
				CLANG_WARN_INT_CONVERSION = YES;
				CLANG_WARN_NON_LITERAL_NULL_CONVERSION = YES;
				CLANG_WARN_OBJC_IMPLICIT_RETAIN_SELF = YES;
				CLANG_WARN_OBJC_LITERAL_CONVERSION = YES;
				CLANG_WARN_OBJC_ROOT_CLASS = YES_ERROR;
				CLANG_WARN_QUOTED_INCLUDE_IN_FRAMEWORK_HEADER = YES;
				CLANG_WARN_RANGE_LOOP_ANALYSIS = YES;
				CLANG_WARN_STRICT_PROTOTYPES = YES;
				CLANG_WARN_SUSPICIOUS_MOVE = YES;
				CLANG_WARN_UNGUARDED_AVAILABILITY = YES_AGGRESSIVE;
				CLANG_WARN_UNREACHABLE_CODE = YES;
				CLANG_WARN__DUPLICATE_METHOD_MATCH = YES;
				COPY_PHASE_STRIP = NO;
				DEBUG_INFORMATION_FORMAT = dwarf;
				ENABLE_STRICT_OBJC_MSGSEND = YES;
				ENABLE_TESTABILITY = YES;
				GCC_C_LANGUAGE_STANDARD = gnu11;
				GCC_DYNAMIC_NO_PIC = NO;
				GCC_NO_COMMON_BLOCKS = YES;
				GCC_OPTIMIZATION_LEVEL = 0;
				GCC_PREPROCESSOR_DEFINITIONS = (
					"DEBUG=1",
					"$(inherited)",
				);
				GCC_WARN_64_TO_32_BIT_CONVERSION = YES;
				GCC_WARN_ABOUT_RETURN_TYPE = YES_ERROR;
				GCC_WARN_UNDECLARED_SELECTOR = YES;
				GCC_WARN_UNINITIALIZED_AUTOS = YES_AGGRESSIVE;
				GCC_WARN_UNUSED_FUNCTION = YES;
				GCC_WARN_UNUSED_VARIABLE = YES;
				MTL_ENABLE_DEBUG_INFO = INCLUDE_SOURCE;
				MTL_FAST_MATH = YES;
				ONLY_ACTIVE_ARCH = YES;
				SWIFT_ACTIVE_COMPILATION_CONDITIONS = DEBUG;
				SWIFT_OPTIMIZATION_LEVEL = "-Onone";
			};
			name = Debug;
		};
		32765562294310EA003B314E /* Release */ = {
			isa = XCBuildConfiguration;
			buildSettings = {
				ALWAYS_SEARCH_USER_PATHS = NO;
				CLANG_ANALYZER_NONNULL = YES;
				CLANG_ANALYZER_NUMBER_OBJECT_CONVERSION = YES_AGGRESSIVE;
				CLANG_CXX_LANGUAGE_STANDARD = "gnu++20";
				CLANG_ENABLE_MODULES = YES;
				CLANG_ENABLE_OBJC_ARC = YES;
				CLANG_ENABLE_OBJC_WEAK = YES;
				CLANG_WARN_BLOCK_CAPTURE_AUTORELEASING = YES;
				CLANG_WARN_BOOL_CONVERSION = YES;
				CLANG_WARN_COMMA = YES;
				CLANG_WARN_CONSTANT_CONVERSION = YES;
				CLANG_WARN_DEPRECATED_OBJC_IMPLEMENTATIONS = YES;
				CLANG_WARN_DIRECT_OBJC_ISA_USAGE = YES_ERROR;
				CLANG_WARN_DOCUMENTATION_COMMENTS = YES;
				CLANG_WARN_EMPTY_BODY = YES;
				CLANG_WARN_ENUM_CONVERSION = YES;
				CLANG_WARN_INFINITE_RECURSION = YES;
				CLANG_WARN_INT_CONVERSION = YES;
				CLANG_WARN_NON_LITERAL_NULL_CONVERSION = YES;
				CLANG_WARN_OBJC_IMPLICIT_RETAIN_SELF = YES;
				CLANG_WARN_OBJC_LITERAL_CONVERSION = YES;
				CLANG_WARN_OBJC_ROOT_CLASS = YES_ERROR;
				CLANG_WARN_QUOTED_INCLUDE_IN_FRAMEWORK_HEADER = YES;
				CLANG_WARN_RANGE_LOOP_ANALYSIS = YES;
				CLANG_WARN_STRICT_PROTOTYPES = YES;
				CLANG_WARN_SUSPICIOUS_MOVE = YES;
				CLANG_WARN_UNGUARDED_AVAILABILITY = YES_AGGRESSIVE;
				CLANG_WARN_UNREACHABLE_CODE = YES;
				CLANG_WARN__DUPLICATE_METHOD_MATCH = YES;
				COPY_PHASE_STRIP = NO;
				DEBUG_INFORMATION_FORMAT = "dwarf-with-dsym";
				ENABLE_NS_ASSERTIONS = NO;
				ENABLE_STRICT_OBJC_MSGSEND = YES;
				GCC_C_LANGUAGE_STANDARD = gnu11;
				GCC_NO_COMMON_BLOCKS = YES;
				GCC_WARN_64_TO_32_BIT_CONVERSION = YES;
				GCC_WARN_ABOUT_RETURN_TYPE = YES_ERROR;
				GCC_WARN_UNDECLARED_SELECTOR = YES;
				GCC_WARN_UNINITIALIZED_AUTOS = YES_AGGRESSIVE;
				GCC_WARN_UNUSED_FUNCTION = YES;
				GCC_WARN_UNUSED_VARIABLE = YES;
				MTL_ENABLE_DEBUG_INFO = NO;
				MTL_FAST_MATH = YES;
				SWIFT_COMPILATION_MODE = wholemodule;
				SWIFT_OPTIMIZATION_LEVEL = "-O";
			};
			name = Release;
		};
		32765564294310EA003B314E /* Debug */ = {
			isa = XCBuildConfiguration;
			buildSettings = {
				ASSETCATALOG_COMPILER_APPICON_NAME = AppIcon;
				ASSETCATALOG_COMPILER_GLOBAL_ACCENT_COLOR_NAME = AccentColor;
				CODE_SIGN_ENTITLEMENTS = TravelItineraryPlanner/TravelItineraryPlanner.entitlements;
				CODE_SIGN_STYLE = Automatic;
				CURRENT_PROJECT_VERSION = 1;
				DEVELOPMENT_ASSET_PATHS = "\"TravelItineraryPlanner/Preview Content\"";
				ENABLE_PREVIEWS = YES;
				GENERATE_INFOPLIST_FILE = YES;
				"INFOPLIST_KEY_UIApplicationSceneManifest_Generation[sdk=iphoneos*]" = YES;
				"INFOPLIST_KEY_UIApplicationSceneManifest_Generation[sdk=iphonesimulator*]" = YES;
				"INFOPLIST_KEY_UIApplicationSupportsIndirectInputEvents[sdk=iphoneos*]" = YES;
				"INFOPLIST_KEY_UIApplicationSupportsIndirectInputEvents[sdk=iphonesimulator*]" = YES;
				"INFOPLIST_KEY_UILaunchScreen_Generation[sdk=iphoneos*]" = YES;
				"INFOPLIST_KEY_UILaunchScreen_Generation[sdk=iphonesimulator*]" = YES;
				"INFOPLIST_KEY_UIStatusBarStyle[sdk=iphoneos*]" = UIStatusBarStyleDefault;
				"INFOPLIST_KEY_UIStatusBarStyle[sdk=iphonesimulator*]" = UIStatusBarStyleDefault;
				INFOPLIST_KEY_UISupportedInterfaceOrientations_iPad = "UIInterfaceOrientationPortrait UIInterfaceOrientationPortraitUpsideDown UIInterfaceOrientationLandscapeLeft UIInterfaceOrientationLandscapeRight";
				INFOPLIST_KEY_UISupportedInterfaceOrientations_iPhone = "UIInterfaceOrientationPortrait UIInterfaceOrientationLandscapeLeft UIInterfaceOrientationLandscapeRight";
				IPHONEOS_DEPLOYMENT_TARGET = 16.1;
				LD_RUNPATH_SEARCH_PATHS = "@executable_path/Frameworks";
				"LD_RUNPATH_SEARCH_PATHS[sdk=macosx*]" = "@executable_path/../Frameworks";
				MACOSX_DEPLOYMENT_TARGET = 13.0;
				MARKETING_VERSION = 1.0;
				PRODUCT_BUNDLE_IDENTIFIER = mchiu.TravelItineraryPlanner;
				PRODUCT_NAME = "$(TARGET_NAME)";
				SDKROOT = auto;
				SUPPORTED_PLATFORMS = "iphoneos iphonesimulator macosx";
				SWIFT_EMIT_LOC_STRINGS = YES;
				SWIFT_VERSION = 5.0;
				TARGETED_DEVICE_FAMILY = "1,2";
			};
			name = Debug;
		};
		32765565294310EA003B314E /* Release */ = {
			isa = XCBuildConfiguration;
			buildSettings = {
				ASSETCATALOG_COMPILER_APPICON_NAME = AppIcon;
				ASSETCATALOG_COMPILER_GLOBAL_ACCENT_COLOR_NAME = AccentColor;
				CODE_SIGN_ENTITLEMENTS = TravelItineraryPlanner/TravelItineraryPlanner.entitlements;
				CODE_SIGN_STYLE = Automatic;
				CURRENT_PROJECT_VERSION = 1;
				DEVELOPMENT_ASSET_PATHS = "\"TravelItineraryPlanner/Preview Content\"";
				ENABLE_PREVIEWS = YES;
				GENERATE_INFOPLIST_FILE = YES;
				"INFOPLIST_KEY_UIApplicationSceneManifest_Generation[sdk=iphoneos*]" = YES;
				"INFOPLIST_KEY_UIApplicationSceneManifest_Generation[sdk=iphonesimulator*]" = YES;
				"INFOPLIST_KEY_UIApplicationSupportsIndirectInputEvents[sdk=iphoneos*]" = YES;
				"INFOPLIST_KEY_UIApplicationSupportsIndirectInputEvents[sdk=iphonesimulator*]" = YES;
				"INFOPLIST_KEY_UILaunchScreen_Generation[sdk=iphoneos*]" = YES;
				"INFOPLIST_KEY_UILaunchScreen_Generation[sdk=iphonesimulator*]" = YES;
				"INFOPLIST_KEY_UIStatusBarStyle[sdk=iphoneos*]" = UIStatusBarStyleDefault;
				"INFOPLIST_KEY_UIStatusBarStyle[sdk=iphonesimulator*]" = UIStatusBarStyleDefault;
				INFOPLIST_KEY_UISupportedInterfaceOrientations_iPad = "UIInterfaceOrientationPortrait UIInterfaceOrientationPortraitUpsideDown UIInterfaceOrientationLandscapeLeft UIInterfaceOrientationLandscapeRight";
				INFOPLIST_KEY_UISupportedInterfaceOrientations_iPhone = "UIInterfaceOrientationPortrait UIInterfaceOrientationLandscapeLeft UIInterfaceOrientationLandscapeRight";
				IPHONEOS_DEPLOYMENT_TARGET = 16.1;
				LD_RUNPATH_SEARCH_PATHS = "@executable_path/Frameworks";
				"LD_RUNPATH_SEARCH_PATHS[sdk=macosx*]" = "@executable_path/../Frameworks";
				MACOSX_DEPLOYMENT_TARGET = 13.0;
				MARKETING_VERSION = 1.0;
				PRODUCT_BUNDLE_IDENTIFIER = mchiu.TravelItineraryPlanner;
				PRODUCT_NAME = "$(TARGET_NAME)";
				SDKROOT = auto;
				SUPPORTED_PLATFORMS = "iphoneos iphonesimulator macosx";
				SWIFT_EMIT_LOC_STRINGS = YES;
				SWIFT_VERSION = 5.0;
				TARGETED_DEVICE_FAMILY = "1,2";
			};
			name = Release;
		};
		32765567294310EA003B314E /* Debug */ = {
			isa = XCBuildConfiguration;
			buildSettings = {
				ALWAYS_EMBED_SWIFT_STANDARD_LIBRARIES = YES;
				BUNDLE_LOADER = "$(TEST_HOST)";
				CODE_SIGN_STYLE = Automatic;
				CURRENT_PROJECT_VERSION = 1;
				GENERATE_INFOPLIST_FILE = YES;
				IPHONEOS_DEPLOYMENT_TARGET = 16.1;
				MACOSX_DEPLOYMENT_TARGET = 13.0;
				MARKETING_VERSION = 1.0;
				PRODUCT_BUNDLE_IDENTIFIER = mchiu.TravelItineraryPlannerTests;
				PRODUCT_NAME = "$(TARGET_NAME)";
				SDKROOT = auto;
				SUPPORTED_PLATFORMS = "iphoneos iphonesimulator macosx";
				SWIFT_EMIT_LOC_STRINGS = NO;
				SWIFT_VERSION = 5.0;
				TARGETED_DEVICE_FAMILY = "1,2";
				TEST_HOST = "$(BUILT_PRODUCTS_DIR)/TravelItineraryPlanner.app/$(BUNDLE_EXECUTABLE_FOLDER_PATH)/TravelItineraryPlanner";
			};
			name = Debug;
		};
		32765568294310EA003B314E /* Release */ = {
			isa = XCBuildConfiguration;
			buildSettings = {
				ALWAYS_EMBED_SWIFT_STANDARD_LIBRARIES = YES;
				BUNDLE_LOADER = "$(TEST_HOST)";
				CODE_SIGN_STYLE = Automatic;
				CURRENT_PROJECT_VERSION = 1;
				GENERATE_INFOPLIST_FILE = YES;
				IPHONEOS_DEPLOYMENT_TARGET = 16.1;
				MACOSX_DEPLOYMENT_TARGET = 13.0;
				MARKETING_VERSION = 1.0;
				PRODUCT_BUNDLE_IDENTIFIER = mchiu.TravelItineraryPlannerTests;
				PRODUCT_NAME = "$(TARGET_NAME)";
				SDKROOT = auto;
				SUPPORTED_PLATFORMS = "iphoneos iphonesimulator macosx";
				SWIFT_EMIT_LOC_STRINGS = NO;
				SWIFT_VERSION = 5.0;
				TARGETED_DEVICE_FAMILY = "1,2";
				TEST_HOST = "$(BUILT_PRODUCTS_DIR)/TravelItineraryPlanner.app/$(BUNDLE_EXECUTABLE_FOLDER_PATH)/TravelItineraryPlanner";
			};
			name = Release;
		};
		3276556A294310EA003B314E /* Debug */ = {
			isa = XCBuildConfiguration;
			buildSettings = {
				ALWAYS_EMBED_SWIFT_STANDARD_LIBRARIES = YES;
				CODE_SIGN_STYLE = Automatic;
				CURRENT_PROJECT_VERSION = 1;
				GENERATE_INFOPLIST_FILE = YES;
				IPHONEOS_DEPLOYMENT_TARGET = 16.1;
				MACOSX_DEPLOYMENT_TARGET = 13.0;
				MARKETING_VERSION = 1.0;
				PRODUCT_BUNDLE_IDENTIFIER = mchiu.TravelItineraryPlannerUITests;
				PRODUCT_NAME = "$(TARGET_NAME)";
				SDKROOT = auto;
				SUPPORTED_PLATFORMS = "iphoneos iphonesimulator macosx";
				SWIFT_EMIT_LOC_STRINGS = NO;
				SWIFT_VERSION = 5.0;
				TARGETED_DEVICE_FAMILY = "1,2";
				TEST_TARGET_NAME = TravelItineraryPlanner;
			};
			name = Debug;
		};
		3276556B294310EA003B314E /* Release */ = {
			isa = XCBuildConfiguration;
			buildSettings = {
				ALWAYS_EMBED_SWIFT_STANDARD_LIBRARIES = YES;
				CODE_SIGN_STYLE = Automatic;
				CURRENT_PROJECT_VERSION = 1;
				GENERATE_INFOPLIST_FILE = YES;
				IPHONEOS_DEPLOYMENT_TARGET = 16.1;
				MACOSX_DEPLOYMENT_TARGET = 13.0;
				MARKETING_VERSION = 1.0;
				PRODUCT_BUNDLE_IDENTIFIER = mchiu.TravelItineraryPlannerUITests;
				PRODUCT_NAME = "$(TARGET_NAME)";
				SDKROOT = auto;
				SUPPORTED_PLATFORMS = "iphoneos iphonesimulator macosx";
				SWIFT_EMIT_LOC_STRINGS = NO;
				SWIFT_VERSION = 5.0;
				TARGETED_DEVICE_FAMILY = "1,2";
				TEST_TARGET_NAME = TravelItineraryPlanner;
			};
			name = Release;
		};
/* End XCBuildConfiguration section */

/* Begin XCConfigurationList section */
		32765539294310E9003B314E /* Build configuration list for PBXProject "TravelItineraryPlanner" */ = {
			isa = XCConfigurationList;
			buildConfigurations = (
				32765561294310EA003B314E /* Debug */,
				32765562294310EA003B314E /* Release */,
			);
			defaultConfigurationIsVisible = 0;
			defaultConfigurationName = Release;
		};
		32765563294310EA003B314E /* Build configuration list for PBXNativeTarget "TravelItineraryPlanner" */ = {
			isa = XCConfigurationList;
			buildConfigurations = (
				32765564294310EA003B314E /* Debug */,
				32765565294310EA003B314E /* Release */,
			);
			defaultConfigurationIsVisible = 0;
			defaultConfigurationName = Release;
		};
		32765566294310EA003B314E /* Build configuration list for PBXNativeTarget "TravelItineraryPlannerTests" */ = {
			isa = XCConfigurationList;
			buildConfigurations = (
				32765567294310EA003B314E /* Debug */,
				32765568294310EA003B314E /* Release */,
			);
			defaultConfigurationIsVisible = 0;
			defaultConfigurationName = Release;
		};
		32765569294310EA003B314E /* Build configuration list for PBXNativeTarget "TravelItineraryPlannerUITests" */ = {
			isa = XCConfigurationList;
			buildConfigurations = (
				3276556A294310EA003B314E /* Debug */,
				3276556B294310EA003B314E /* Release */,
			);
			defaultConfigurationIsVisible = 0;
			defaultConfigurationName = Release;
		};
/* End XCConfigurationList section */
	};
	rootObject = 32765536294310E9003B314E /* Project object */;
}
